dependencies:
- name: minio
  repository: https://charts.min.io/
  version: 5.4.0
- name: loki
  repository: https://grafana.github.io/helm-charts
  version: 6.46.0
- name: fluent-bit
  repository: https://fluent.github.io/helm-charts
  version: 0.54.0
- name: grafana
  repository: https://grafana.github.io/helm-charts
  version: 10.2.0
- name: prometheus
  repository: https://prometheus-community.github.io/helm-charts
  version: 27.46.0
digest: sha256:62552993ab36a0d6f205c7d5d79081ee35858f0c7e0d1d8257bc9fc6197f64db
generated: "2025-11-24T14:47:48.052007226+01:00"
